
Microsoft Visual Studio Solution File, Format Version 12.00
# Visual Studio Version 17
VisualStudioVersion = 17.13.35913.81 d17.13
MinimumVisualStudioVersion = 10.0.40219.1
Project("{FAE04EC0-301F-11D3-BF4B-00C04F79EFBC}") = "InventoryManagementSystem", "InventoryManagementSystem\InventoryManagementSystem.csproj", "{D70B74B0-80CC-4B81-A2C7-8F444C3F0546}"
EndProject
Global
	GlobalSection(SolutionConfigurationPlatforms) = preSolution
		Debug|Any CPU = Debug|Any CPU
		Release|Any CPU = Release|Any CPU
	EndGlobalSection
	GlobalSection(ProjectConfigurationPlatforms) = postSolution
		{D70B74B0-80CC-4B81-A2C7-8F444C3F0546}.Debug|Any CPU.ActiveCfg = Debug|Any CPU
		{D70B74B0-80CC-4B81-A2C7-8F444C3F0546}.Debug|Any CPU.Build.0 = Debug|Any CPU
		{D70B74B0-80CC-4B81-A2C7-8F444C3F0546}.Release|Any CPU.ActiveCfg = Release|Any CPU
		{D70B74B0-80CC-4B81-A2C7-8F444C3F0546}.Release|Any CPU.Build.0 = Release|Any CPU
	EndGlobalSection
	GlobalSection(SolutionProperties) = preSolution
		HideSolutionNode = FALSE
	EndGlobalSection
	GlobalSection(ExtensibilityGlobals) = postSolution
		SolutionGuid = {B7D8DEE6-9B2C-4432-B885-93AFA8E81A26}
	EndGlobalSection
EndGlobal
